
Microsoft Visual Studio Solution File, Format Version 12.00
# Visual Studio Version 16
VisualStudioVersion = 16.0.31205.134
MinimumVisualStudioVersion = 10.0.40219.1
Project("{FAE04EC0-301F-11D3-BF4B-00C04F79EFBC}") = "MovieAppBackEnd", "MovieAppBackEnd\MovieAppBackEnd.csproj", "{FDA6DAA3-1B34-4F4C-82C0-45017D61B505}"
EndProject
Global
	GlobalSection(SolutionConfigurationPlatforms) = preSolution
		Debug|Any CPU = Debug|Any CPU
		Release|Any CPU = Release|Any CPU
	EndGlobalSection
	GlobalSection(ProjectConfigurationPlatforms) = postSolution
		{FDA6DAA3-1B34-4F4C-82C0-45017D61B505}.Debug|Any CPU.ActiveCfg = Debug|Any CPU
		{FDA6DAA3-1B34-4F4C-82C0-45017D61B505}.Debug|Any CPU.Build.0 = Debug|Any CPU
		{FDA6DAA3-1B34-4F4C-82C0-45017D61B505}.Release|Any CPU.ActiveCfg = Release|Any CPU
		{FDA6DAA3-1B34-4F4C-82C0-45017D61B505}.Release|Any CPU.Build.0 = Release|Any CPU
	EndGlobalSection
	GlobalSection(SolutionProperties) = preSolution
		HideSolutionNode = FALSE
	EndGlobalSection
	GlobalSection(ExtensibilityGlobals) = postSolution
		SolutionGuid = {0CBF29C9-631A-4FF0-90FF-5BC50424C325}
	EndGlobalSection
EndGlobal
